github.com/bep/testrepotailwindv4ashugomod v0.0.0-20250124160143-e070c2c87535 h1:DiMP4SZqt2QRZfdC9lb0HkmmKOD5XinV42BsYU809hE=
github.com/bep/testrepotailwindv4ashugomod v0.0.0-20250124160143-e070c2c87535/go.mod h1:WfDE3CsEqQhFIljZpqn1eEb/LHbX5XGM0xlf9tE2j4s=
github.com/bep/testrepotailwindv4ashugomod v0.0.0-20250124160754-221410c68adb h1:CITZfVZSR7jOu+ICXV0dXOp72ZQJx4KlFyoTHHGpWf4=
github.com/bep/testrepotailwindv4ashugomod v0.0.0-20250124160754-221410c68adb/go.mod h1:WfDE3CsEqQhFIljZpqn1eEb/LHbX5XGM0xlf9tE2j4s=
github.com/bep/testrepotailwindv4ashugomod v0.0.0-20250124161550-1f13e3ed7ac9 h1:1L4iBSPp11QkevnB5e/7K+Ci0148icwHF+La0jALxbA=
github.com/bep/testrepotailwindv4ashugomod v0.0.0-20250124161550-1f13e3ed7ac9/go.mod h1:WfDE3CsEqQhFIljZpqn1eEb/LHbX5XGM0xlf9tE2j4s=
